// !$*UTF8*$!
{
	archiveVersion = 1;
	classes = {
	};
	objectVersion = 46;
	objects = {

/* Begin PBXBuildFile section */
		21F5EDB91BD3ACD000F6A78C /* AppDelegate.swift in Sources */ = {isa = PBXBuildFile; fileRef = 21F5EDB81BD3ACD000F6A78C /* AppDelegate.swift */; };
		21F5EDBB1BD3ACD000F6A78C /* GameScene.sks in Resources */ = {isa = PBXBuildFile; fileRef = 21F5EDBA1BD3ACD000F6A78C /* GameScene.sks */; };
		21F5EDBD1BD3ACD000F6A78C /* GameScene.swift in Sources */ = {isa = PBXBuildFile; fileRef = 21F5EDBC1BD3ACD000F6A78C /* GameScene.swift */; };
		21F5EDBF1BD3ACD000F6A78C /* GameViewController.swift in Sources */ = {isa = PBXBuildFile; fileRef = 21F5EDBE1BD3ACD000F6A78C /* GameViewController.swift */; };
		21F5EDC21BD3ACD000F6A78C /* Main.storyboard in Resources */ = {isa = PBXBuildFile; fileRef = 21F5EDC01BD3ACD000F6A78C /* Main.storyboard */; };
		21F5EDC41BD3ACD000F6A78C /* Assets.xcassets in Resources */ = {isa = PBXBuildFile; fileRef = 21F5EDC31BD3ACD000F6A78C /* Assets.xcassets */; };
		21F5EDC71BD3ACD000F6A78C /* LaunchScreen.storyboard in Resources */ = {isa = PBXBuildFile; fileRef = 21F5EDC51BD3ACD000F6A78C /* LaunchScreen.storyboard */; };
		21F5EDD21BD3ACD000F6A78C /* NewHorizonsTests.swift in Sources */ = {isa = PBXBuildFile; fileRef = 21F5EDD11BD3ACD000F6A78C /* NewHorizonsTests.swift */; };
		21F5EDDD1BD3ACD000F6A78C /* NewHorizonsUITests.swift in Sources */ = {isa = PBXBuildFile; fileRef = 21F5EDDC1BD3ACD000F6A78C /* NewHorizonsUITests.swift */; };
		933AB8CA1BF8EBFD00A6B774 /* MyParticle.sks in Resources */ = {isa = PBXBuildFile; fileRef = 933AB8C81BF8EBFD00A6B774 /* MyParticle.sks */; };
		933AB8CB1BF8EBFD00A6B774 /* spark.png in Resources */ = {isa = PBXBuildFile; fileRef = 933AB8C91BF8EBFD00A6B774 /* spark.png */; };
/* End PBXBuildFile section */

/* Begin PBXContainerItemProxy section */
		21F5EDCE1BD3ACD000F6A78C /* PBXContainerItemProxy */ = {
			isa = PBXContainerItemProxy;
			containerPortal = 21F5EDAD1BD3ACCF00F6A78C /* Project object */;
			proxyType = 1;
			remoteGlobalIDString = 21F5EDB41BD3ACCF00F6A78C;
			remoteInfo = NewHorizons;
		};
		21F5EDD91BD3ACD000F6A78C /* PBXContainerItemProxy */ = {
			isa = PBXContainerItemProxy;
			containerPortal = 21F5EDAD1BD3ACCF00F6A78C /* Project object */;
			proxyType = 1;
			remoteGlobalIDString = 21F5EDB41BD3ACCF00F6A78C;
			remoteInfo = NewHorizons;
		};
/* End PBXContainerItemProxy section */

/* Begin PBXFileReference section */
		21F5EDB51BD3ACCF00F6A78C /* NewHorizons.app */ = {isa = PBXFileReference; explicitFileType = wrapper.application; includeInIndex = 0; path = NewHorizons.app; sourceTree = BUILT_PRODUCTS_DIR; };
		21F5EDB81BD3ACD000F6A78C /* AppDelegate.swift */ = {isa = PBXFileReference; lastKnownFileType = sourcecode.swift; path = AppDelegate.swift; sourceTree = "<group>"; };
		21F5EDBA1BD3ACD000F6A78C /* GameScene.sks */ = {isa = PBXFileReference; lastKnownFileType = file.sks; path = GameScene.sks; sourceTree = "<group>"; };
		21F5EDBC1BD3ACD000F6A78C /* GameScene.swift */ = {isa = PBXFileReference; lastKnownFileType = sourcecode.swift; path = GameScene.swift; sourceTree = "<group>"; };
		21F5EDBE1BD3ACD000F6A78C /* GameViewController.swift */ = {isa = PBXFileReference; lastKnownFileType = sourcecode.swift; path = GameViewController.swift; sourceTree = "<group>"; };
		21F5EDC11BD3ACD000F6A78C /* Base */ = {isa = PBXFileReference; lastKnownFileType = file.storyboard; name = Base; path = Base.lproj/Main.storyboard; sourceTree = "<group>"; };
		21F5EDC31BD3ACD000F6A78C /* Assets.xcassets */ = {isa = PBXFileReference; lastKnownFileType = folder.assetcatalog; path = Assets.xcassets; sourceTree = "<group>"; };
		21F5EDC61BD3ACD000F6A78C /* Base */ = {isa = PBXFileReference; lastKnownFileType = file.storyboard; name = Base; path = Base.lproj/LaunchScreen.storyboard; sourceTree = "<group>"; };
		21F5EDC81BD3ACD000F6A78C /* Info.plist */ = {isa = PBXFileReference; lastKnownFileType = text.plist.xml; path = Info.plist; sourceTree = "<group>"; };
		21F5EDCD1BD3ACD000F6A78C /* NewHorizonsTests.xctest */ = {isa = PBXFileReference; explicitFileType = wrapper.cfbundle; includeInIndex = 0; path = NewHorizonsTests.xctest; sourceTree = BUILT_PRODUCTS_DIR; };
		21F5EDD11BD3ACD000F6A78C /* NewHorizonsTests.swift */ = {isa = PBXFileReference; lastKnownFileType = sourcecode.swift; path = NewHorizonsTests.swift; sourceTree = "<group>"; };
		21F5EDD31BD3ACD000F6A78C /* Info.plist */ = {isa = PBXFileReference; lastKnownFileType = text.plist.xml; path = Info.plist; sourceTree = "<group>"; };
		21F5EDD81BD3ACD000F6A78C /* NewHorizonsUITests.xctest */ = {isa = PBXFileReference; explicitFileType = wrapper.cfbundle; includeInIndex = 0; path = NewHorizonsUITests.xctest; sourceTree = BUILT_PRODUCTS_DIR; };
		21F5EDDC1BD3ACD000F6A78C /* NewHorizonsUITests.swift */ = {isa = PBXFileReference; lastKnownFileType = sourcecode.swift; path = NewHorizonsUITests.swift; sourceTree = "<group>"; };
		21F5EDDE1BD3ACD000F6A78C /* Info.plist */ = {isa = PBXFileReference; lastKnownFileType = text.plist.xml; path = Info.plist; sourceTree = "<group>"; };
		933AB8C81BF8EBFD00A6B774 /* MyParticle.sks */ = {isa = PBXFileReference; lastKnownFileType = file.sks; path = MyParticle.sks; sourceTree = "<group>"; };
		933AB8C91BF8EBFD00A6B774 /* spark.png */ = {isa = PBXFileReference; lastKnownFileType = image.png; path = spark.png; sourceTree = "<group>"; };
/* End PBXFileReference section */

/* Begin PBXFrameworksBuildPhase section */
		21F5EDB21BD3ACCF00F6A78C /* Frameworks */ = {
			isa = PBXFrameworksBuildPhase;
			buildActionMask = 2147483647;
			files = (
			);
			runOnlyForDeploymentPostprocessing = 0;
		};
		21F5EDCA1BD3ACD000F6A78C /* Frameworks */ = {
			isa = PBXFrameworksBuildPhase;
			buildActionMask = 2147483647;
			files = (
			);
			runOnlyForDeploymentPostprocessing = 0;
		};
		21F5EDD51BD3ACD000F6A78C /* Frameworks */ = {
			isa = PBXFrameworksBuildPhase;
			buildActionMask = 2147483647;
			files = (
			);
			runOnlyForDeploymentPostprocessing = 0;
		};
/* End PBXFrameworksBuildPhase section */

/* Begin PBXGroup section */
		21F5EDAC1BD3ACCF00F6A78C = {
			isa = PBXGroup;
			children = (
				933AB8C81BF8EBFD00A6B774 /* MyParticle.sks */,
				933AB8C91BF8EBFD00A6B774 /* spark.png */,
				21F5EDB71BD3ACCF00F6A78C /* NewHorizons */,
				21F5EDD01BD3ACD000F6A78C /* NewHorizonsTests */,
				21F5EDDB1BD3ACD000F6A78C /* NewHorizonsUITests */,
				21F5EDB61BD3ACCF00F6A78C /* Products */,
			);
			sourceTree = "<group>";
		};
		21F5EDB61BD3ACCF00F6A78C /* Products */ = {
			isa = PBXGroup;
			children = (
				21F5EDB51BD3ACCF00F6A78C /* NewHorizons.app */,
				21F5EDCD1BD3ACD000F6A78C /* NewHorizonsTests.xctest */,
				21F5EDD81BD3ACD000F6A78C /* NewHorizonsUITests.xctest */,
			);
			name = Products;
			sourceTree = "<group>";
		};
		21F5EDB71BD3ACCF00F6A78C /* NewHorizons */ = {
			isa = PBXGroup;
			children = (
				21F5EDB81BD3ACD000F6A78C /* AppDelegate.swift */,
				21F5EDBA1BD3ACD000F6A78C /* GameScene.sks */,
				21F5EDBC1BD3ACD000F6A78C /* GameScene.swift */,
				21F5EDBE1BD3ACD000F6A78C /* GameViewController.swift */,
				21F5EDC01BD3ACD000F6A78C /* Main.storyboard */,
				21F5EDC31BD3ACD000F6A78C /* Assets.xcassets */,
				21F5EDC51BD3ACD000F6A78C /* LaunchScreen.storyboard */,
				21F5EDC81BD3ACD000F6A78C /* Info.plist */,
			);
			path = NewHorizons;
			sourceTree = "<group>";
		};
		21F5EDD01BD3ACD000F6A78C /* NewHorizonsTests */ = {
			isa = PBXGroup;
			children = (
				21F5EDD11BD3ACD000F6A78C /* NewHorizonsTests.swift */,
				21F5EDD31BD3ACD000F6A78C /* Info.plist */,
			);
			path = NewHorizonsTests;
			sourceTree = "<group>";
		};
		21F5EDDB1BD3ACD000F6A78C /* NewHorizonsUITests */ = {
			isa = PBXGroup;
			children = (
				21F5EDDC1BD3ACD000F6A78C /* NewHorizonsUITests.swift */,
				21F5EDDE1BD3ACD000F6A78C /* Info.plist */,
			);
			path = NewHorizonsUITests;
			sourceTree = "<group>";
		};
/* End PBXGroup section */

/* Begin PBXNativeTarget section */
		21F5EDB41BD3ACCF00F6A78C /* NewHorizons */ = {
			isa = PBXNativeTarget;
			buildConfigurationList = 21F5EDE11BD3ACD000F6A78C /* Build configuration list for PBXNativeTarget "NewHorizons" */;
			buildPhases = (
				21F5EDB11BD3ACCF00F6A78C /* Sources */,
				21F5EDB21BD3ACCF00F6A78C /* Frameworks */,
				21F5EDB31BD3ACCF00F6A78C /* Resources */,
			);
			buildRules = (
			);
			dependencies = (
			);
			name = NewHorizons;
			productName = NewHorizons;
			productReference = 21F5EDB51BD3ACCF00F6A78C /* NewHorizons.app */;
			productType = "com.apple.product-type.application";
		};
		21F5EDCC1BD3ACD000F6A78C /* NewHorizonsTests */ = {
			isa = PBXNativeTarget;
			buildConfigurationList = 21F5EDE41BD3ACD000F6A78C /* Build configuration list for PBXNativeTarget "NewHorizonsTests" */;
			buildPhases = (
				21F5EDC91BD3ACD000F6A78C /* Sources */,
				21F5EDCA1BD3ACD000F6A78C /* Frameworks */,
				21F5EDCB1BD3ACD000F6A78C /* Resources */,
			);
			buildRules = (
			);
			dependencies = (
				21F5EDCF1BD3ACD000F6A78C /* PBXTargetDependency */,
			);
			name = NewHorizonsTests;
			productName = NewHorizonsTests;
			productReference = 21F5EDCD1BD3ACD000F6A78C /* NewHorizonsTests.xctest */;
			productType = "com.apple.product-type.bundle.unit-test";
		};
		21F5EDD71BD3ACD000F6A78C /* NewHorizonsUITests */ = {
			isa = PBXNativeTarget;
			buildConfigurationList = 21F5EDE71BD3ACD000F6A78C /* Build configuration list for PBXNativeTarget "NewHorizonsUITests" */;
			buildPhases = (
				21F5EDD41BD3ACD000F6A78C /* Sources */,
				21F5EDD51BD3ACD000F6A78C /* Frameworks */,
				21F5EDD61BD3ACD000F6A78C /* Resources */,
			);
			buildRules = (
			);
			dependencies = (
				21F5EDDA1BD3ACD000F6A78C /* PBXTargetDependency */,
			);
			name = NewHorizonsUITests;
			productName = NewHorizonsUITests;
			productReference = 21F5EDD81BD3ACD000F6A78C /* NewHorizonsUITests.xctest */;
			productType = "com.apple.product-type.bundle.ui-testing";
		};
/* End PBXNativeTarget section */

/* Begin PBXProject section */
		21F5EDAD1BD3ACCF00F6A78C /* Project object */ = {
			isa = PBXProject;
			attributes = {
				LastUpgradeCheck = 0700;
				ORGANIZATIONNAME = Mav3r1ck;
				TargetAttributes = {
					21F5EDB41BD3ACCF00F6A78C = {
						CreatedOnToolsVersion = 7.0.1;
					};
					21F5EDCC1BD3ACD000F6A78C = {
						CreatedOnToolsVersion = 7.0.1;
						TestTargetID = 21F5EDB41BD3ACCF00F6A78C;
					};
					21F5EDD71BD3ACD000F6A78C = {
						CreatedOnToolsVersion = 7.0.1;
						TestTargetID = 21F5EDB41BD3ACCF00F6A78C;
					};
				};
			};
			buildConfigurationList = 21F5EDB01BD3ACCF00F6A78C /* Build configuration list for PBXProject "NewHorizons" */;
			compatibilityVersion = "Xcode 3.2";
			developmentRegion = English;
			hasScannedForEncodings = 0;
			knownRegions = (
				en,
				Base,
			);
			mainGroup = 21F5EDAC1BD3ACCF00F6A78C;
			productRefGroup = 21F5EDB61BD3ACCF00F6A78C /* Products */;
			projectDirPath = "";
			projectRoot = "";
			targets = (
				21F5EDB41BD3ACCF00F6A78C /* NewHorizons */,
				21F5EDCC1BD3ACD000F6A78C /* NewHorizonsTests */,
				21F5EDD71BD3ACD000F6A78C /* NewHorizonsUITests */,
			);
		};
/* End PBXProject section */

/* Begin PBXResourcesBuildPhase section */
		21F5EDB31BD3ACCF00F6A78C /* Resources */ = {
			isa = PBXResourcesBuildPhase;
			buildActionMask = 2147483647;
			files = (
				21F5EDBB1BD3ACD000F6A78C /* GameScene.sks in Resources */,
				933AB8CB1BF8EBFD00A6B774 /* spark.png in Resources */,
				21F5EDC71BD3ACD000F6A78C /* LaunchScreen.storyboard in Resources */,
				21F5EDC41BD3ACD000F6A78C /* Assets.xcassets in Resources */,
				21F5EDC21BD3ACD000F6A78C /* Main.storyboard in Resources */,
				933AB8CA1BF8EBFD00A6B774 /* MyParticle.sks in Resources */,
			);
			runOnlyForDeploymentPostprocessing = 0;
		};
		21F5EDCB1BD3ACD000F6A78C /* Resources */ = {
			isa = PBXResourcesBuildPhase;
			buildActionMask = 2147483647;
			files = (
			);
			runOnlyForDeploymentPostprocessing = 0;
		};
		21F5EDD61BD3ACD000F6A78C /* Resources */ = {
			isa = PBXResourcesBuildPhase;
			buildActionMask = 2147483647;
			files = (
			);
			runOnlyForDeploymentPostprocessing = 0;
		};
/* End PBXResourcesBuildPhase section */

/* Begin PBXSourcesBuildPhase section */
		21F5EDB11BD3ACCF00F6A78C /* Sources */ = {
			isa = PBXSourcesBuildPhase;
			buildActionMask = 2147483647;
			files = (
				21F5EDBD1BD3ACD000F6A78C /* GameScene.swift in Sources */,
				21F5EDBF1BD3ACD000F6A78C /* GameViewController.swift in Sources */,
				21F5EDB91BD3ACD000F6A78C /* AppDelegate.swift in Sources */,
			);
			runOnlyForDeploymentPostprocessing = 0;
		};
		21F5EDC91BD3ACD000F6A78C /* Sources */ = {
			isa = PBXSourcesBuildPhase;
			buildActionMask = 2147483647;
			files = (
				21F5EDD21BD3ACD000F6A78C /* NewHorizonsTests.swift in Sources */,
			);
			runOnlyForDeploymentPostprocessing = 0;
		};
		21F5EDD41BD3ACD000F6A78C /* Sources */ = {
			isa = PBXSourcesBuildPhase;
			buildActionMask = 2147483647;
			files = (
				21F5EDDD1BD3ACD000F6A78C /* NewHorizonsUITests.swift in Sources */,
			);
			runOnlyForDeploymentPostprocessing = 0;
		};
/* End PBXSourcesBuildPhase section */

/* Begin PBXTargetDependency section */
		21F5EDCF1BD3ACD000F6A78C /* PBXTargetDependency */ = {
			isa = PBXTargetDependency;
			target = 21F5EDB41BD3ACCF00F6A78C /* NewHorizons */;
			targetProxy = 21F5EDCE1BD3ACD000F6A78C /* PBXContainerItemProxy */;
		};
		21F5EDDA1BD3ACD000F6A78C /* PBXTargetDependency */ = {
			isa = PBXTargetDependency;
			target = 21F5EDB41BD3ACCF00F6A78C /* NewHorizons */;
			targetProxy = 21F5EDD91BD3ACD000F6A78C /* PBXContainerItemProxy */;
		};
/* End PBXTargetDependency section */

/* Begin PBXVariantGroup section */
		21F5EDC01BD3ACD000F6A78C /* Main.storyboard */ = {
			isa = PBXVariantGroup;
			children = (
				21F5EDC11BD3ACD000F6A78C /* Base */,
			);
			name = Main.storyboard;
			sourceTree = "<group>";
		};
		21F5EDC51BD3ACD000F6A78C /* LaunchScreen.storyboard */ = {
			isa = PBXVariantGroup;
			children = (
				21F5EDC61BD3ACD000F6A78C /* Base */,
			);
			name = LaunchScreen.storyboard;
			sourceTree = "<group>";
		};
/* End PBXVariantGroup section */

/* Begin XCBuildConfiguration section */
		21F5EDDF1BD3ACD000F6A78C /* Debug */ = {
			isa = XCBuildConfiguration;
			buildSettings = {
				ALWAYS_SEARCH_USER_PATHS = NO;
				CLANG_CXX_LANGUAGE_STANDARD = "gnu++0x";
				CLANG_CXX_LIBRARY = "libc++";
				CLANG_ENABLE_MODULES = YES;
				CLANG_ENABLE_OBJC_ARC = YES;
				CLANG_WARN_BOOL_CONVERSION = YES;
				CLANG_WARN_CONSTANT_CONVERSION = YES;
				CLANG_WARN_DIRECT_OBJC_ISA_USAGE = YES_ERROR;
				CLANG_WARN_EMPTY_BODY = YES;
				CLANG_WARN_ENUM_CONVERSION = YES;
				CLANG_WARN_INT_CONVERSION = YES;
				CLANG_WARN_OBJC_ROOT_CLASS = YES_ERROR;
				CLANG_WARN_UNREACHABLE_CODE = YES;
				CLANG_WARN__DUPLICATE_METHOD_MATCH = YES;
				"CODE_SIGN_IDENTITY[sdk=iphoneos*]" = "iPhone Developer";
				COPY_PHASE_STRIP = NO;
				DEBUG_INFORMATION_FORMAT = "dwarf-with-dsym";
				ENABLE_STRICT_OBJC_MSGSEND = YES;
				ENABLE_TESTABILITY = YES;
				GCC_C_LANGUAGE_STANDARD = gnu99;
				GCC_DYNAMIC_NO_PIC = NO;
				GCC_NO_COMMON_BLOCKS = YES;
				GCC_OPTIMIZATION_LEVEL = 0;
				GCC_PREPROCESSOR_DEFINITIONS = (
					"DEBUG=1",
					"$(inherited)",
				);
				GCC_WARN_64_TO_32_BIT_CONVERSION = YES;
				GCC_WARN_ABOUT_RETURN_TYPE = YES_ERROR;
				GCC_WARN_UNDECLARED_SELECTOR = YES;
				GCC_WARN_UNINITIALIZED_AUTOS = YES_AGGRESSIVE;
				GCC_WARN_UNUSED_FUNCTION = YES;
				GCC_WARN_UNUSED_VARIABLE = YES;
				IPHONEOS_DEPLOYMENT_TARGET = 9.0;
				MTL_ENABLE_DEBUG_INFO = YES;
				ONLY_ACTIVE_ARCH = YES;
				SDKROOT = iphoneos;
				SWIFT_OPTIMIZATION_LEVEL = "-Onone";
				TARGETED_DEVICE_FAMILY = "1,2";
			};
			name = Debug;
		};
		21F5EDE01BD3ACD000F6A78C /* Release */ = {
			isa = XCBuildConfiguration;
			buildSettings = {
				ALWAYS_SEARCH_USER_PATHS = NO;
				CLANG_CXX_LANGUAGE_STANDARD = "gnu++0x";
				CLANG_CXX_LIBRARY = "libc++";
				CLANG_ENABLE_MODULES = YES;
				CLANG_ENABLE_OBJC_ARC = YES;
				CLANG_WARN_BOOL_CONVERSION = YES;
				CLANG_WARN_CONSTANT_CONVERSION = YES;
				CLANG_WARN_DIRECT_OBJC_ISA_USAGE = YES_ERROR;
				CLANG_WARN_EMPTY_BODY = YES;
				CLANG_WARN_ENUM_CONVERSION = YES;
				CLANG_WARN_INT_CONVERSION = YES;
				CLANG_WARN_OBJC_ROOT_CLASS = YES_ERROR;
				CLANG_WARN_UNREACHABLE_CODE = YES;
				CLANG_WARN__DUPLICATE_METHOD_MATCH = YES;
				"CODE_SIGN_IDENTITY[sdk=iphoneos*]" = "iPhone Developer";
				COPY_PHASE_STRIP = NO;
				DEBUG_INFORMATION_FORMAT = "dwarf-with-dsym";
				ENABLE_NS_ASSERTIONS = NO;
				ENABLE_STRICT_OBJC_MSGSEND = YES;
				GCC_C_LANGUAGE_STANDARD = gnu99;
				GCC_NO_COMMON_BLOCKS = YES;
				GCC_WARN_64_TO_32_BIT_CONVERSION = YES;
				GCC_WARN_ABOUT_RETURN_TYPE = YES_ERROR;
				GCC_WARN_UNDECLARED_SELECTOR = YES;
				GCC_WARN_UNINITIALIZED_AUTOS = YES_AGGRESSIVE;
				GCC_WARN_UNUSED_FUNCTION = YES;
				GCC_WARN_UNUSED_VARIABLE = YES;
				IPHONEOS_DEPLOYMENT_TARGET = 9.0;
				MTL_ENABLE_DEBUG_INFO = NO;
				SDKROOT = iphoneos;
				TARGETED_DEVICE_FAMILY = "1,2";
				VALIDATE_PRODUCT = YES;
			};
			name = Release;
		};
		21F5EDE21BD3ACD000F6A78C /* Debug */ = {
			isa = XCBuildConfiguration;
			buildSettings = {
				ASSETCATALOG_COMPILER_APPICON_NAME = AppIcon;
				INFOPLIST_FILE = NewHorizons/Info.plist;
				LD_RUNPATH_SEARCH_PATHS = "$(inherited) @executable_path/Frameworks";
				PRODUCT_BUNDLE_IDENTIFIER = io.Mav3r1ck.NewHorizons;
				PRODUCT_NAME = "$(TARGET_NAME)";
				TARGETED_DEVICE_FAMILY = "1,2";
			};
			name = Debug;
		};
		21F5EDE31BD3ACD000F6A78C /* Release */ = {
			isa = XCBuildConfiguration;
			buildSettings = {
				ASSETCATALOG_COMPILER_APPICON_NAME = AppIcon;
				INFOPLIST_FILE = NewHorizons/Info.plist;
				LD_RUNPATH_SEARCH_PATHS = "$(inherited) @executable_path/Frameworks";
				PRODUCT_BUNDLE_IDENTIFIER = io.Mav3r1ck.NewHorizons;
				PRODUCT_NAME = "$(TARGET_NAME)";
				TARGETED_DEVICE_FAMILY = "1,2";
			};
			name = Release;
		};
		21F5EDE51BD3ACD000F6A78C /* Debug */ = {
			isa = XCBuildConfiguration;
			buildSettings = {
				BUNDLE_LOADER = "$(TEST_HOST)";
				DEBUG_INFORMATION_FORMAT = dwarf;
				INFOPLIST_FILE = NewHorizonsTests/Info.plist;
				LD_RUNPATH_SEARCH_PATHS = "$(inherited) @executable_path/Frameworks @loader_path/Frameworks";
				PRODUCT_BUNDLE_IDENTIFIER = io.Mav3r1ck.NewHorizonsTests;
				PRODUCT_NAME = "$(TARGET_NAME)";
				TEST_HOST = "$(BUILT_PRODUCTS_DIR)/NewHorizons.app/NewHorizons";
			};
			name = Debug;
		};
		21F5EDE61BD3ACD000F6A78C /* Release */ = {
			isa = XCBuildConfiguration;
			buildSettings = {
				BUNDLE_LOADER = "$(TEST_HOST)";
				INFOPLIST_FILE = NewHorizonsTests/Info.plist;
				LD_RUNPATH_SEARCH_PATHS = "$(inherited) @executable_path/Frameworks @loader_path/Frameworks";
				PRODUCT_BUNDLE_IDENTIFIER = io.Mav3r1ck.NewHorizonsTests;
				PRODUCT_NAME = "$(TARGET_NAME)";
				TEST_HOST = "$(BUILT_PRODUCTS_DIR)/NewHorizons.app/NewHorizons";
			};
			name = Release;
		};
		21F5EDE81BD3ACD000F6A78C /* Debug */ = {
			isa = XCBuildConfiguration;
			buildSettings = {
				DEBUG_INFORMATION_FORMAT = dwarf;
				INFOPLIST_FILE = NewHorizonsUITests/Info.plist;
				LD_RUNPATH_SEARCH_PATHS = "$(inherited) @executable_path/Frameworks @loader_path/Frameworks";
				PRODUCT_BUNDLE_IDENTIFIER = io.Mav3r1ck.NewHorizonsUITests;
				PRODUCT_NAME = "$(TARGET_NAME)";
				TEST_TARGET_NAME = NewHorizons;
				USES_XCTRUNNER = YES;
			};
			name = Debug;
		};
		21F5EDE91BD3ACD000F6A78C /* Release */ = {
			isa = XCBuildConfiguration;
			buildSettings = {
				INFOPLIST_FILE = NewHorizonsUITests/Info.plist;
				LD_RUNPATH_SEARCH_PATHS = "$(inherited) @executable_path/Frameworks @loader_path/Frameworks";
				PRODUCT_BUNDLE_IDENTIFIER = io.Mav3r1ck.NewHorizonsUITests;
				PRODUCT_NAME = "$(TARGET_NAME)";
				TEST_TARGET_NAME = NewHorizons;
				USES_XCTRUNNER = YES;
			};
			name = Release;
		};
/* End XCBuildConfiguration section */

/* Begin XCConfigurationList section */
		21F5EDB01BD3ACCF00F6A78C /* Build configuration list for PBXProject "NewHorizons" */ = {
			isa = XCConfigurationList;
			buildConfigurations = (
				21F5EDDF1BD3ACD000F6A78C /* Debug */,
				21F5EDE01BD3ACD000F6A78C /* Release */,
			);
			defaultConfigurationIsVisible = 0;
			defaultConfigurationName = Release;
		};
		21F5EDE11BD3ACD000F6A78C /* Build configuration list for PBXNativeTarget "NewHorizons" */ = {
			isa = XCConfigurationList;
			buildConfigurations = (
				21F5EDE21BD3ACD000F6A78C /* Debug */,
				21F5EDE31BD3ACD000F6A78C /* Release */,
			);
			defaultConfigurationIsVisible = 0;
			defaultConfigurationName = Release;
		};
		21F5EDE41BD3ACD000F6A78C /* Build configuration list for PBXNativeTarget "NewHorizonsTests" */ = {
			isa = XCConfigurationList;
			buildConfigurations = (
				21F5EDE51BD3ACD000F6A78C /* Debug */,
				21F5EDE61BD3ACD000F6A78C /* Release */,
			);
			defaultConfigurationIsVisible = 0;
			defaultConfigurationName = Release;
		};
		21F5EDE71BD3ACD000F6A78C /* Build configuration list for PBXNativeTarget "NewHorizonsUITests" */ = {
			isa = XCConfigurationList;
			buildConfigurations = (
				21F5EDE81BD3ACD000F6A78C /* Debug */,
				21F5EDE91BD3ACD000F6A78C /* Release */,
			);
			defaultConfigurationIsVisible = 0;
			defaultConfigurationName = Release;
		};
/* End XCConfigurationList section */
	};
	rootObject = 21F5EDAD1BD3ACCF00F6A78C /* Project object */;
}
